github.com/dimchat/dkd-go v0.0.0-20210203201346-e6c5e3389437 h1:sq3g8tfyt3qzMQRQoKkclB1172gbCyErW7kHXLAK1vE=
github.com/dimchat/dkd-go v0.0.0-20210203201346-e6c5e3389437/go.mod h1:ueLc823Xl7aB5Kimfyl8OGv3ftt3M/XXJNsKWEiHw+g=
github.com/dimchat/mkm-go v0.0.0-20210203174651-a2a24cc59eae h1:5muAQSYx+6h/6DOrXTtY52ZaY1oTtLg8Shu8mCf3K+A=
github.com/dimchat/mkm-go v0.0.0-20210203174651-a2a24cc59eae/go.mod h1:HbWI0ybD7w6P2AtcSqpoNMFrpAmP/jEYJqjCRFPQRMU=
