github.com/dimchat/dkd-go v0.0.0-20220403091403-252608097815 h1:vB3AuW5oW9+dC/Q5ju0VytwqbdE177C33Wmkvqu4XoE=
github.com/dimchat/dkd-go v0.0.0-20220403091403-252608097815/go.mod h1:pJF5dW3bQ2AOcv6Bw1OGOSw8o34arwFKiFonZmy/JlM=
github.com/dimchat/mkm-go v0.0.0-20220403083121-2561137592ed h1:UW0AqXzmjUgpF2rE/jx213UO6C7ugyIxkU+e4VjDEBw=
github.com/dimchat/mkm-go v0.0.0-20220403083121-2561137592ed/go.mod h1:rRD77W4jdUAkfNA2fBa+co3/ADLpuTE9EXtlrldz39U=
